
Microsoft Visual Studio Solution File, Format Version 12.00
# Visual Studio Version 16
VisualStudioVersion = 16.0.29519.87
MinimumVisualStudioVersion = 10.0.40219.1
Project("{FAE04EC0-301F-11D3-BF4B-00C04F79EFBC}") = "FinalProductManager_ForSureThisTime", "FinalProductManager_ForSureThisTime\FinalProductManager_ForSureThisTime.csproj", "{83D0A079-888F-49F9-9F3B-AB080AF9283F}"
EndProject
Project("{E53339B2-1760-4266-BCC7-CA923CBCF16C}") = "docker-compose", "docker-compose.dcproj", "{232D4169-B04D-4873-9B26-B6CF1B757D9D}"
EndProject
Global
	GlobalSection(SolutionConfigurationPlatforms) = preSolution
		Debug|Any CPU = Debug|Any CPU
		Release|Any CPU = Release|Any CPU
	EndGlobalSection
	GlobalSection(ProjectConfigurationPlatforms) = postSolution
		{83D0A079-888F-49F9-9F3B-AB080AF9283F}.Debug|Any CPU.ActiveCfg = Debug|Any CPU
		{83D0A079-888F-49F9-9F3B-AB080AF9283F}.Debug|Any CPU.Build.0 = Debug|Any CPU
		{83D0A079-888F-49F9-9F3B-AB080AF9283F}.Release|Any CPU.ActiveCfg = Release|Any CPU
		{83D0A079-888F-49F9-9F3B-AB080AF9283F}.Release|Any CPU.Build.0 = Release|Any CPU
		{232D4169-B04D-4873-9B26-B6CF1B757D9D}.Debug|Any CPU.ActiveCfg = Debug|Any CPU
		{232D4169-B04D-4873-9B26-B6CF1B757D9D}.Debug|Any CPU.Build.0 = Debug|Any CPU
		{232D4169-B04D-4873-9B26-B6CF1B757D9D}.Release|Any CPU.ActiveCfg = Release|Any CPU
		{232D4169-B04D-4873-9B26-B6CF1B757D9D}.Release|Any CPU.Build.0 = Release|Any CPU
	EndGlobalSection
	GlobalSection(SolutionProperties) = preSolution
		HideSolutionNode = FALSE
	EndGlobalSection
	GlobalSection(ExtensibilityGlobals) = postSolution
		SolutionGuid = {CAD3D855-DC5C-4535-8D1A-C9373049480E}
	EndGlobalSection
EndGlobal
