
Microsoft Visual Studio Solution File, Format Version 12.00
# Visual Studio Version 16
VisualStudioVersion = 16.0.29519.87
MinimumVisualStudioVersion = 10.0.40219.1
Project("{FAE04EC0-301F-11D3-BF4B-00C04F79EFBC}") = "ProductAPI", "ProductAPI\ProductAPI.csproj", "{CF022400-B5FC-434B-BC1C-0F75F2D5F369}"
EndProject
Global
	GlobalSection(SolutionConfigurationPlatforms) = preSolution
		Debug|Any CPU = Debug|Any CPU
		Release|Any CPU = Release|Any CPU
	EndGlobalSection
	GlobalSection(ProjectConfigurationPlatforms) = postSolution
		{CF022400-B5FC-434B-BC1C-0F75F2D5F369}.Debug|Any CPU.ActiveCfg = Debug|Any CPU
		{CF022400-B5FC-434B-BC1C-0F75F2D5F369}.Debug|Any CPU.Build.0 = Debug|Any CPU
		{CF022400-B5FC-434B-BC1C-0F75F2D5F369}.Release|Any CPU.ActiveCfg = Release|Any CPU
		{CF022400-B5FC-434B-BC1C-0F75F2D5F369}.Release|Any CPU.Build.0 = Release|Any CPU
	EndGlobalSection
	GlobalSection(SolutionProperties) = preSolution
		HideSolutionNode = FALSE
	EndGlobalSection
	GlobalSection(ExtensibilityGlobals) = postSolution
		SolutionGuid = {D50FB9AF-954F-4E6E-A52B-4E371DC73CE5}
	EndGlobalSection
EndGlobal
